// !$*UTF8*$!
{
	archiveVersion = 1;
	classes = {
	};
	objectVersion = 56;
	objects = {

/* Begin PBXBuildFile section */
		0F23FF392957AB6500D4DB2E /* PersonalInformationForm.swift in Sources */ = {isa = PBXBuildFile; fileRef = 0F23FF382957AB6500D4DB2E /* PersonalInformationForm.swift */; };
		0F23FF3B2957AB7600D4DB2E /* Person.swift in Sources */ = {isa = PBXBuildFile; fileRef = 0F23FF3A2957AB7600D4DB2E /* Person.swift */; };
		0F888B152957A6C900BFD2AA /* HikeAlertGitHubApp.swift in Sources */ = {isa = PBXBuildFile; fileRef = 0F888B142957A6C900BFD2AA /* HikeAlertGitHubApp.swift */; };
		0F888B172957A6C900BFD2AA /* ContentView.swift in Sources */ = {isa = PBXBuildFile; fileRef = 0F888B162957A6C900BFD2AA /* ContentView.swift */; };
		0F888B192957A6CA00BFD2AA /* Assets.xcassets in Resources */ = {isa = PBXBuildFile; fileRef = 0F888B182957A6CA00BFD2AA /* Assets.xcassets */; };
		0F888B1C2957A6CA00BFD2AA /* Preview Assets.xcassets in Resources */ = {isa = PBXBuildFile; fileRef = 0F888B1B2957A6CA00BFD2AA /* Preview Assets.xcassets */; };
		0F888B1E2957A6CA00BFD2AA /* Persistence.swift in Sources */ = {isa = PBXBuildFile; fileRef = 0F888B1D2957A6CA00BFD2AA /* Persistence.swift */; };
		0F888B212957A6CA00BFD2AA /* HikeAlertGitHub.xcdatamodeld in Sources */ = {isa = PBXBuildFile; fileRef = 0F888B1F2957A6CA00BFD2AA /* HikeAlertGitHub.xcdatamodeld */; };
/* End PBXBuildFile section */

/* Begin PBXFileReference section */
		0F23FF382957AB6500D4DB2E /* PersonalInformationForm.swift */ = {isa = PBXFileReference; lastKnownFileType = sourcecode.swift; path = PersonalInformationForm.swift; sourceTree = "<group>"; };
		0F23FF3A2957AB7600D4DB2E /* Person.swift */ = {isa = PBXFileReference; lastKnownFileType = sourcecode.swift; path = Person.swift; sourceTree = "<group>"; };
		0F888B112957A6C900BFD2AA /* HikeAlertGitHub.app */ = {isa = PBXFileReference; explicitFileType = wrapper.application; includeInIndex = 0; path = HikeAlertGitHub.app; sourceTree = BUILT_PRODUCTS_DIR; };
		0F888B142957A6C900BFD2AA /* HikeAlertGitHubApp.swift */ = {isa = PBXFileReference; lastKnownFileType = sourcecode.swift; path = HikeAlertGitHubApp.swift; sourceTree = "<group>"; };
		0F888B162957A6C900BFD2AA /* ContentView.swift */ = {isa = PBXFileReference; lastKnownFileType = sourcecode.swift; path = ContentView.swift; sourceTree = "<group>"; };
		0F888B182957A6CA00BFD2AA /* Assets.xcassets */ = {isa = PBXFileReference; lastKnownFileType = folder.assetcatalog; path = Assets.xcassets; sourceTree = "<group>"; };
		0F888B1B2957A6CA00BFD2AA /* Preview Assets.xcassets */ = {isa = PBXFileReference; lastKnownFileType = folder.assetcatalog; path = "Preview Assets.xcassets"; sourceTree = "<group>"; };
		0F888B1D2957A6CA00BFD2AA /* Persistence.swift */ = {isa = PBXFileReference; lastKnownFileType = sourcecode.swift; path = Persistence.swift; sourceTree = "<group>"; };
		0F888B202957A6CA00BFD2AA /* HikeAlertGitHub.xcdatamodel */ = {isa = PBXFileReference; lastKnownFileType = wrapper.xcdatamodel; path = HikeAlertGitHub.xcdatamodel; sourceTree = "<group>"; };
/* End PBXFileReference section */

/* Begin PBXFrameworksBuildPhase section */
		0F888B0E2957A6C900BFD2AA /* Frameworks */ = {
			isa = PBXFrameworksBuildPhase;
			buildActionMask = 2147483647;
			files = (
			);
			runOnlyForDeploymentPostprocessing = 0;
		};
/* End PBXFrameworksBuildPhase section */

/* Begin PBXGroup section */
		0F888B082957A6C900BFD2AA = {
			isa = PBXGroup;
			children = (
				0F888B132957A6C900BFD2AA /* HikeAlertGitHub */,
				0F888B122957A6C900BFD2AA /* Products */,
			);
			sourceTree = "<group>";
		};
		0F888B122957A6C900BFD2AA /* Products */ = {
			isa = PBXGroup;
			children = (
				0F888B112957A6C900BFD2AA /* HikeAlertGitHub.app */,
			);
			name = Products;
			sourceTree = "<group>";
		};
		0F888B132957A6C900BFD2AA /* HikeAlertGitHub */ = {
			isa = PBXGroup;
			children = (
				0F888B142957A6C900BFD2AA /* HikeAlertGitHubApp.swift */,
				0F888B162957A6C900BFD2AA /* ContentView.swift */,
				0F23FF382957AB6500D4DB2E /* PersonalInformationForm.swift */,
				0F23FF3A2957AB7600D4DB2E /* Person.swift */,
				0F888B182957A6CA00BFD2AA /* Assets.xcassets */,
				0F888B1D2957A6CA00BFD2AA /* Persistence.swift */,
				0F888B1F2957A6CA00BFD2AA /* HikeAlertGitHub.xcdatamodeld */,
				0F888B1A2957A6CA00BFD2AA /* Preview Content */,
			);
			path = HikeAlertGitHub;
			sourceTree = "<group>";
		};
		0F888B1A2957A6CA00BFD2AA /* Preview Content */ = {
			isa = PBXGroup;
			children = (
				0F888B1B2957A6CA00BFD2AA /* Preview Assets.xcassets */,
			);
			path = "Preview Content";
			sourceTree = "<group>";
		};
/* End PBXGroup section */

/* Begin PBXNativeTarget section */
		0F888B102957A6C900BFD2AA /* HikeAlertGitHub */ = {
			isa = PBXNativeTarget;
			buildConfigurationList = 0F888B242957A6CA00BFD2AA /* Build configuration list for PBXNativeTarget "HikeAlertGitHub" */;
			buildPhases = (
				0F888B0D2957A6C900BFD2AA /* Sources */,
				0F888B0E2957A6C900BFD2AA /* Frameworks */,
				0F888B0F2957A6C900BFD2AA /* Resources */,
			);
			buildRules = (
			);
			dependencies = (
			);
			name = HikeAlertGitHub;
			productName = HikeAlertGitHub;
			productReference = 0F888B112957A6C900BFD2AA /* HikeAlertGitHub.app */;
			productType = "com.apple.product-type.application";
		};
/* End PBXNativeTarget section */

/* Begin PBXProject section */
		0F888B092957A6C900BFD2AA /* Project object */ = {
			isa = PBXProject;
			attributes = {
				BuildIndependentTargetsInParallel = 1;
				LastSwiftUpdateCheck = 1400;
				LastUpgradeCheck = 1400;
				TargetAttributes = {
					0F888B102957A6C900BFD2AA = {
						CreatedOnToolsVersion = 14.0.1;
					};
				};
			};
			buildConfigurationList = 0F888B0C2957A6C900BFD2AA /* Build configuration list for PBXProject "HikeAlertGitHub" */;
			compatibilityVersion = "Xcode 14.0";
			developmentRegion = en;
			hasScannedForEncodings = 0;
			knownRegions = (
				en,
				Base,
			);
			mainGroup = 0F888B082957A6C900BFD2AA;
			productRefGroup = 0F888B122957A6C900BFD2AA /* Products */;
			projectDirPath = "";
			projectRoot = "";
			targets = (
				0F888B102957A6C900BFD2AA /* HikeAlertGitHub */,
			);
		};
/* End PBXProject section */

/* Begin PBXResourcesBuildPhase section */
		0F888B0F2957A6C900BFD2AA /* Resources */ = {
			isa = PBXResourcesBuildPhase;
			buildActionMask = 2147483647;
			files = (
				0F888B1C2957A6CA00BFD2AA /* Preview Assets.xcassets in Resources */,
				0F888B192957A6CA00BFD2AA /* Assets.xcassets in Resources */,
			);
			runOnlyForDeploymentPostprocessing = 0;
		};
/* End PBXResourcesBuildPhase section */

/* Begin PBXSourcesBuildPhase section */
		0F888B0D2957A6C900BFD2AA /* Sources */ = {
			isa = PBXSourcesBuildPhase;
			buildActionMask = 2147483647;
			files = (
				0F23FF3B2957AB7600D4DB2E /* Person.swift in Sources */,
				0F888B212957A6CA00BFD2AA /* HikeAlertGitHub.xcdatamodeld in Sources */,
				0F888B1E2957A6CA00BFD2AA /* Persistence.swift in Sources */,
				0F888B172957A6C900BFD2AA /* ContentView.swift in Sources */,
				0F888B152957A6C900BFD2AA /* HikeAlertGitHubApp.swift in Sources */,
				0F23FF392957AB6500D4DB2E /* PersonalInformationForm.swift in Sources */,
			);
			runOnlyForDeploymentPostprocessing = 0;
		};
/* End PBXSourcesBuildPhase section */

/* Begin XCBuildConfiguration section */
		0F888B222957A6CA00BFD2AA /* Debug */ = {
			isa = XCBuildConfiguration;
			buildSettings = {
				ALWAYS_SEARCH_USER_PATHS = NO;
				CLANG_ANALYZER_NONNULL = YES;
				CLANG_ANALYZER_NUMBER_OBJECT_CONVERSION = YES_AGGRESSIVE;
				CLANG_CXX_LANGUAGE_STANDARD = "gnu++20";
				CLANG_ENABLE_MODULES = YES;
				CLANG_ENABLE_OBJC_ARC = YES;
				CLANG_ENABLE_OBJC_WEAK = YES;
				CLANG_WARN_BLOCK_CAPTURE_AUTORELEASING = YES;
				CLANG_WARN_BOOL_CONVERSION = YES;
				CLANG_WARN_COMMA = YES;
				CLANG_WARN_CONSTANT_CONVERSION = YES;
				CLANG_WARN_DEPRECATED_OBJC_IMPLEMENTATIONS = YES;
				CLANG_WARN_DIRECT_OBJC_ISA_USAGE = YES_ERROR;
				CLANG_WARN_DOCUMENTATION_COMMENTS = YES;
				CLANG_WARN_EMPTY_BODY = YES;
				CLANG_WARN_ENUM_CONVERSION = YES;
				CLANG_WARN_INFINITE_RECURSION = YES;
				CLANG_WARN_INT_CONVERSION = YES;
				CLANG_WARN_NON_LITERAL_NULL_CONVERSION = YES;
				CLANG_WARN_OBJC_IMPLICIT_RETAIN_SELF = YES;
				CLANG_WARN_OBJC_LITERAL_CONVERSION = YES;
				CLANG_WARN_OBJC_ROOT_CLASS = YES_ERROR;
				CLANG_WARN_QUOTED_INCLUDE_IN_FRAMEWORK_HEADER = YES;
				CLANG_WARN_RANGE_LOOP_ANALYSIS = YES;
				CLANG_WARN_STRICT_PROTOTYPES = YES;
				CLANG_WARN_SUSPICIOUS_MOVE = YES;
				CLANG_WARN_UNGUARDED_AVAILABILITY = YES_AGGRESSIVE;
				CLANG_WARN_UNREACHABLE_CODE = YES;
				CLANG_WARN__DUPLICATE_METHOD_MATCH = YES;
				COPY_PHASE_STRIP = NO;
				DEBUG_INFORMATION_FORMAT = dwarf;
				ENABLE_STRICT_OBJC_MSGSEND = YES;
				ENABLE_TESTABILITY = YES;
				GCC_C_LANGUAGE_STANDARD = gnu11;
				GCC_DYNAMIC_NO_PIC = NO;
				GCC_NO_COMMON_BLOCKS = YES;
				GCC_OPTIMIZATION_LEVEL = 0;
				GCC_PREPROCESSOR_DEFINITIONS = (
					"DEBUG=1",
					"$(inherited)",
				);
				GCC_WARN_64_TO_32_BIT_CONVERSION = YES;
				GCC_WARN_ABOUT_RETURN_TYPE = YES_ERROR;
				GCC_WARN_UNDECLARED_SELECTOR = YES;
				GCC_WARN_UNINITIALIZED_AUTOS = YES_AGGRESSIVE;
				GCC_WARN_UNUSED_FUNCTION = YES;
				GCC_WARN_UNUSED_VARIABLE = YES;
				IPHONEOS_DEPLOYMENT_TARGET = 16.0;
				MTL_ENABLE_DEBUG_INFO = INCLUDE_SOURCE;
				MTL_FAST_MATH = YES;
				ONLY_ACTIVE_ARCH = YES;
				SDKROOT = iphoneos;
				SWIFT_ACTIVE_COMPILATION_CONDITIONS = DEBUG;
				SWIFT_OPTIMIZATION_LEVEL = "-Onone";
			};
			name = Debug;
		};
		0F888B232957A6CA00BFD2AA /* Release */ = {
			isa = XCBuildConfiguration;
			buildSettings = {
				ALWAYS_SEARCH_USER_PATHS = NO;
				CLANG_ANALYZER_NONNULL = YES;
				CLANG_ANALYZER_NUMBER_OBJECT_CONVERSION = YES_AGGRESSIVE;
				CLANG_CXX_LANGUAGE_STANDARD = "gnu++20";
				CLANG_ENABLE_MODULES = YES;
				CLANG_ENABLE_OBJC_ARC = YES;
				CLANG_ENABLE_OBJC_WEAK = YES;
				CLANG_WARN_BLOCK_CAPTURE_AUTORELEASING = YES;
				CLANG_WARN_BOOL_CONVERSION = YES;
				CLANG_WARN_COMMA = YES;
				CLANG_WARN_CONSTANT_CONVERSION = YES;
				CLANG_WARN_DEPRECATED_OBJC_IMPLEMENTATIONS = YES;
				CLANG_WARN_DIRECT_OBJC_ISA_USAGE = YES_ERROR;
				CLANG_WARN_DOCUMENTATION_COMMENTS = YES;
				CLANG_WARN_EMPTY_BODY = YES;
				CLANG_WARN_ENUM_CONVERSION = YES;
				CLANG_WARN_INFINITE_RECURSION = YES;
				CLANG_WARN_INT_CONVERSION = YES;
				CLANG_WARN_NON_LITERAL_NULL_CONVERSION = YES;
				CLANG_WARN_OBJC_IMPLICIT_RETAIN_SELF = YES;
				CLANG_WARN_OBJC_LITERAL_CONVERSION = YES;
				CLANG_WARN_OBJC_ROOT_CLASS = YES_ERROR;
				CLANG_WARN_QUOTED_INCLUDE_IN_FRAMEWORK_HEADER = YES;
				CLANG_WARN_RANGE_LOOP_ANALYSIS = YES;
				CLANG_WARN_STRICT_PROTOTYPES = YES;
				CLANG_WARN_SUSPICIOUS_MOVE = YES;
				CLANG_WARN_UNGUARDED_AVAILABILITY = YES_AGGRESSIVE;
				CLANG_WARN_UNREACHABLE_CODE = YES;
				CLANG_WARN__DUPLICATE_METHOD_MATCH = YES;
				COPY_PHASE_STRIP = NO;
				DEBUG_INFORMATION_FORMAT = "dwarf-with-dsym";
				ENABLE_NS_ASSERTIONS = NO;
				ENABLE_STRICT_OBJC_MSGSEND = YES;
				GCC_C_LANGUAGE_STANDARD = gnu11;
				GCC_NO_COMMON_BLOCKS = YES;
				GCC_WARN_64_TO_32_BIT_CONVERSION = YES;
				GCC_WARN_ABOUT_RETURN_TYPE = YES_ERROR;
				GCC_WARN_UNDECLARED_SELECTOR = YES;
				GCC_WARN_UNINITIALIZED_AUTOS = YES_AGGRESSIVE;
				GCC_WARN_UNUSED_FUNCTION = YES;
				GCC_WARN_UNUSED_VARIABLE = YES;
				IPHONEOS_DEPLOYMENT_TARGET = 16.0;
				MTL_ENABLE_DEBUG_INFO = NO;
				MTL_FAST_MATH = YES;
				SDKROOT = iphoneos;
				SWIFT_COMPILATION_MODE = wholemodule;
				SWIFT_OPTIMIZATION_LEVEL = "-O";
				VALIDATE_PRODUCT = YES;
			};
			name = Release;
		};
		0F888B252957A6CA00BFD2AA /* Debug */ = {
			isa = XCBuildConfiguration;
			buildSettings = {
				ASSETCATALOG_COMPILER_APPICON_NAME = AppIcon;
				ASSETCATALOG_COMPILER_GLOBAL_ACCENT_COLOR_NAME = AccentColor;
				CODE_SIGN_STYLE = Automatic;
				CURRENT_PROJECT_VERSION = 1;
				DEVELOPMENT_ASSET_PATHS = "\"HikeAlertGitHub/Preview Content\"";
				DEVELOPMENT_TEAM = Z7338G3GL8;
				ENABLE_PREVIEWS = YES;
				GENERATE_INFOPLIST_FILE = YES;
				INFOPLIST_KEY_UIApplicationSceneManifest_Generation = YES;
				INFOPLIST_KEY_UIApplicationSupportsIndirectInputEvents = YES;
				INFOPLIST_KEY_UILaunchScreen_Generation = YES;
				INFOPLIST_KEY_UISupportedInterfaceOrientations_iPad = "UIInterfaceOrientationPortrait UIInterfaceOrientationPortraitUpsideDown UIInterfaceOrientationLandscapeLeft UIInterfaceOrientationLandscapeRight";
				INFOPLIST_KEY_UISupportedInterfaceOrientations_iPhone = "UIInterfaceOrientationPortrait UIInterfaceOrientationLandscapeLeft UIInterfaceOrientationLandscapeRight";
				LD_RUNPATH_SEARCH_PATHS = (
					"$(inherited)",
					"@executable_path/Frameworks",
				);
				MARKETING_VERSION = 1.0;
				PRODUCT_BUNDLE_IDENTIFIER = "Courtney-Cook.HikeAlertGitHub";
				PRODUCT_NAME = "$(TARGET_NAME)";
				SWIFT_EMIT_LOC_STRINGS = YES;
				SWIFT_VERSION = 5.0;
				TARGETED_DEVICE_FAMILY = "1,2";
			};
			name = Debug;
		};
		0F888B262957A6CA00BFD2AA /* Release */ = {
			isa = XCBuildConfiguration;
			buildSettings = {
				ASSETCATALOG_COMPILER_APPICON_NAME = AppIcon;
				ASSETCATALOG_COMPILER_GLOBAL_ACCENT_COLOR_NAME = AccentColor;
				CODE_SIGN_STYLE = Automatic;
				CURRENT_PROJECT_VERSION = 1;
				DEVELOPMENT_ASSET_PATHS = "\"HikeAlertGitHub/Preview Content\"";
				DEVELOPMENT_TEAM = Z7338G3GL8;
				ENABLE_PREVIEWS = YES;
				GENERATE_INFOPLIST_FILE = YES;
				INFOPLIST_KEY_UIApplicationSceneManifest_Generation = YES;
				INFOPLIST_KEY_UIApplicationSupportsIndirectInputEvents = YES;
				INFOPLIST_KEY_UILaunchScreen_Generation = YES;
				INFOPLIST_KEY_UISupportedInterfaceOrientations_iPad = "UIInterfaceOrientationPortrait UIInterfaceOrientationPortraitUpsideDown UIInterfaceOrientationLandscapeLeft UIInterfaceOrientationLandscapeRight";
				INFOPLIST_KEY_UISupportedInterfaceOrientations_iPhone = "UIInterfaceOrientationPortrait UIInterfaceOrientationLandscapeLeft UIInterfaceOrientationLandscapeRight";
				LD_RUNPATH_SEARCH_PATHS = (
					"$(inherited)",
					"@executable_path/Frameworks",
				);
				MARKETING_VERSION = 1.0;
				PRODUCT_BUNDLE_IDENTIFIER = "Courtney-Cook.HikeAlertGitHub";
				PRODUCT_NAME = "$(TARGET_NAME)";
				SWIFT_EMIT_LOC_STRINGS = YES;
				SWIFT_VERSION = 5.0;
				TARGETED_DEVICE_FAMILY = "1,2";
			};
			name = Release;
		};
/* End XCBuildConfiguration section */

/* Begin XCConfigurationList section */
		0F888B0C2957A6C900BFD2AA /* Build configuration list for PBXProject "HikeAlertGitHub" */ = {
			isa = XCConfigurationList;
			buildConfigurations = (
				0F888B222957A6CA00BFD2AA /* Debug */,
				0F888B232957A6CA00BFD2AA /* Release */,
			);
			defaultConfigurationIsVisible = 0;
			defaultConfigurationName = Release;
		};
		0F888B242957A6CA00BFD2AA /* Build configuration list for PBXNativeTarget "HikeAlertGitHub" */ = {
			isa = XCConfigurationList;
			buildConfigurations = (
				0F888B252957A6CA00BFD2AA /* Debug */,
				0F888B262957A6CA00BFD2AA /* Release */,
			);
			defaultConfigurationIsVisible = 0;
			defaultConfigurationName = Release;
		};
/* End XCConfigurationList section */

/* Begin XCVersionGroup section */
		0F888B1F2957A6CA00BFD2AA /* HikeAlertGitHub.xcdatamodeld */ = {
			isa = XCVersionGroup;
			children = (
				0F888B202957A6CA00BFD2AA /* HikeAlertGitHub.xcdatamodel */,
			);
			currentVersion = 0F888B202957A6CA00BFD2AA /* HikeAlertGitHub.xcdatamodel */;
			path = HikeAlertGitHub.xcdatamodeld;
			sourceTree = "<group>";
			versionGroupType = wrapper.xcdatamodel;
		};
/* End XCVersionGroup section */
	};
	rootObject = 0F888B092957A6C900BFD2AA /* Project object */;
}
